
Microsoft Visual Studio Solution File, Format Version 12.00
# Visual Studio Version 16
VisualStudioVersion = 16.0.32228.343
MinimumVisualStudioVersion = 10.0.40219.1
Project("{FAE04EC0-301F-11D3-BF4B-00C04F79EFBC}") = "Blog", "Blog\Blog.csproj", "{7DE9F8D5-FC95-463F-B196-0A05C38A76ED}"
EndProject
Global
	GlobalSection(SolutionConfigurationPlatforms) = preSolution
		Debug|Any CPU = Debug|Any CPU
		Release|Any CPU = Release|Any CPU
	EndGlobalSection
	GlobalSection(ProjectConfigurationPlatforms) = postSolution
		{7DE9F8D5-FC95-463F-B196-0A05C38A76ED}.Debug|Any CPU.ActiveCfg = Debug|Any CPU
		{7DE9F8D5-FC95-463F-B196-0A05C38A76ED}.Debug|Any CPU.Build.0 = Debug|Any CPU
		{7DE9F8D5-FC95-463F-B196-0A05C38A76ED}.Release|Any CPU.ActiveCfg = Release|Any CPU
		{7DE9F8D5-FC95-463F-B196-0A05C38A76ED}.Release|Any CPU.Build.0 = Release|Any CPU
	EndGlobalSection
	GlobalSection(SolutionProperties) = preSolution
		HideSolutionNode = FALSE
	EndGlobalSection
	GlobalSection(ExtensibilityGlobals) = postSolution
		SolutionGuid = {2B4A6D9C-AA0D-4346-89C3-6E588B14F30D}
	EndGlobalSection
EndGlobal
